
Microsoft Visual Studio Solution File, Format Version 12.00
# Visual Studio Version 17
VisualStudioVersion = 17.0.31903.59
MinimumVisualStudioVersion = 10.0.40219.1
Project("{FAE04EC0-301F-11D3-BF4B-00C04F79EFBC}") = "ChatApi.Infrastructure", "ChatApi.Infrastructure\ChatApi.Infrastructure.csproj", "{A213DBC1-2CB5-4519-AC5F-AC837CA9930F}"
EndProject
Project("{FAE04EC0-301F-11D3-BF4B-00C04F79EFBC}") = "ChatApi.Core", "ChatApi.Core\ChatApi.Core.csproj", "{DA11850F-3F90-4458-B7D0-EB15AD702C67}"
EndProject
Project("{FAE04EC0-301F-11D3-BF4B-00C04F79EFBC}") = "ChatApi.Application", "ChatApi.Application\ChatApi.Application.csproj", "{F844D053-2AEC-44B3-85EE-A6F315CD02D6}"
EndProject
Project("{FAE04EC0-301F-11D3-BF4B-00C04F79EFBC}") = "ChatApi.Api", "ChatApi.Api\ChatApi.Api.csproj", "{9F8D00B5-005C-4700-8B9B-1B15EEF1C1CE}"
EndProject
Global
	GlobalSection(SolutionConfigurationPlatforms) = preSolution
		Debug|Any CPU = Debug|Any CPU
		Release|Any CPU = Release|Any CPU
	EndGlobalSection
	GlobalSection(SolutionProperties) = preSolution
		HideSolutionNode = FALSE
	EndGlobalSection
	GlobalSection(ProjectConfigurationPlatforms) = postSolution
		{A213DBC1-2CB5-4519-AC5F-AC837CA9930F}.Debug|Any CPU.ActiveCfg = Debug|Any CPU
		{A213DBC1-2CB5-4519-AC5F-AC837CA9930F}.Debug|Any CPU.Build.0 = Debug|Any CPU
		{A213DBC1-2CB5-4519-AC5F-AC837CA9930F}.Release|Any CPU.ActiveCfg = Release|Any CPU
		{A213DBC1-2CB5-4519-AC5F-AC837CA9930F}.Release|Any CPU.Build.0 = Release|Any CPU
		{DA11850F-3F90-4458-B7D0-EB15AD702C67}.Debug|Any CPU.ActiveCfg = Debug|Any CPU
		{DA11850F-3F90-4458-B7D0-EB15AD702C67}.Debug|Any CPU.Build.0 = Debug|Any CPU
		{DA11850F-3F90-4458-B7D0-EB15AD702C67}.Release|Any CPU.ActiveCfg = Release|Any CPU
		{DA11850F-3F90-4458-B7D0-EB15AD702C67}.Release|Any CPU.Build.0 = Release|Any CPU
		{F844D053-2AEC-44B3-85EE-A6F315CD02D6}.Debug|Any CPU.ActiveCfg = Debug|Any CPU
		{F844D053-2AEC-44B3-85EE-A6F315CD02D6}.Debug|Any CPU.Build.0 = Debug|Any CPU
		{F844D053-2AEC-44B3-85EE-A6F315CD02D6}.Release|Any CPU.ActiveCfg = Release|Any CPU
		{F844D053-2AEC-44B3-85EE-A6F315CD02D6}.Release|Any CPU.Build.0 = Release|Any CPU
		{9F8D00B5-005C-4700-8B9B-1B15EEF1C1CE}.Debug|Any CPU.ActiveCfg = Debug|Any CPU
		{9F8D00B5-005C-4700-8B9B-1B15EEF1C1CE}.Debug|Any CPU.Build.0 = Debug|Any CPU
		{9F8D00B5-005C-4700-8B9B-1B15EEF1C1CE}.Release|Any CPU.ActiveCfg = Release|Any CPU
		{9F8D00B5-005C-4700-8B9B-1B15EEF1C1CE}.Release|Any CPU.Build.0 = Release|Any CPU
	EndGlobalSection
EndGlobal
